{
  "name": "skeldir",
  "version": "1.0.0",
  "lockfileVersion": 3,
  "requires": true,
  "packages": {
    "": {
      "name": "skeldir",
      "version": "1.0.0",
      "license": "MIT",
      "dependencies": {
        "chalk": "^5.4.1",
        "commander": "^11.1.0"
      },
      "bin": {
        "skeldir": "bin/index.js"
      },
      "devDependencies": {}
    },
    "node_modules/chalk": {
      "version": "5.4.1",
      "license": "MIT",
      "engines": {
        "node": "^12.17.0 || ^14.13 || >=16.0.0"
      },
      "funding": {
        "url": "https://github.com/chalk/chalk?sponsor=1"
      }
    },
    "node_modules/commander": {
      "version": "11.1.0",
      "license": "MIT",
      "engines": {
        "node": ">=16"
      }
    }
  }
}
